// !$*UTF8*$!
{
	archiveVersion = 1;
	classes = {
	};
	objectVersion = 46;
	objects = {

/* Begin PBXBuildFile section */
		88DEDA181F6C2C08007E5D03 /* main.m in Sources */ = {isa = PBXBuildFile; fileRef = 88DEDA171F6C2C08007E5D03 /* main.m */; };
		88DEDA1B1F6C2C08007E5D03 /* AppDelegate.m in Sources */ = {isa = PBXBuildFile; fileRef = 88DEDA1A1F6C2C08007E5D03 /* AppDelegate.m */; };
		88DEDA1E1F6C2C08007E5D03 /* ViewController.m in Sources */ = {isa = PBXBuildFile; fileRef = 88DEDA1D1F6C2C08007E5D03 /* ViewController.m */; };
		88DEDA211F6C2C08007E5D03 /* Main.storyboard in Resources */ = {isa = PBXBuildFile; fileRef = 88DEDA1F1F6C2C08007E5D03 /* Main.storyboard */; };
		88DEDA231F6C2C08007E5D03 /* Assets.xcassets in Resources */ = {isa = PBXBuildFile; fileRef = 88DEDA221F6C2C08007E5D03 /* Assets.xcassets */; };
		88DEDA261F6C2C08007E5D03 /* LaunchScreen.storyboard in Resources */ = {isa = PBXBuildFile; fileRef = 88DEDA241F6C2C08007E5D03 /* LaunchScreen.storyboard */; };
/* End PBXBuildFile section */

/* Begin PBXFileReference section */
		88DEDA131F6C2C08007E5D03 /* TipCalculator.app */ = {isa = PBXFileReference; explicitFileType = wrapper.application; includeInIndex = 0; path = TipCalculator.app; sourceTree = BUILT_PRODUCTS_DIR; };
		88DEDA171F6C2C08007E5D03 /* main.m */ = {isa = PBXFileReference; lastKnownFileType = sourcecode.c.objc; path = main.m; sourceTree = "<group>"; };
		88DEDA191F6C2C08007E5D03 /* AppDelegate.h */ = {isa = PBXFileReference; lastKnownFileType = sourcecode.c.h; path = AppDelegate.h; sourceTree = "<group>"; };
		88DEDA1A1F6C2C08007E5D03 /* AppDelegate.m */ = {isa = PBXFileReference; lastKnownFileType = sourcecode.c.objc; path = AppDelegate.m; sourceTree = "<group>"; };
		88DEDA1C1F6C2C08007E5D03 /* ViewController.h */ = {isa = PBXFileReference; lastKnownFileType = sourcecode.c.h; path = ViewController.h; sourceTree = "<group>"; };
		88DEDA1D1F6C2C08007E5D03 /* ViewController.m */ = {isa = PBXFileReference; lastKnownFileType = sourcecode.c.objc; path = ViewController.m; sourceTree = "<group>"; };
		88DEDA201F6C2C08007E5D03 /* Base */ = {isa = PBXFileReference; lastKnownFileType = file.storyboard; name = Base; path = Base.lproj/Main.storyboard; sourceTree = "<group>"; };
		88DEDA221F6C2C08007E5D03 /* Assets.xcassets */ = {isa = PBXFileReference; lastKnownFileType = folder.assetcatalog; path = Assets.xcassets; sourceTree = "<group>"; };
		88DEDA251F6C2C08007E5D03 /* Base */ = {isa = PBXFileReference; lastKnownFileType = file.storyboard; name = Base; path = Base.lproj/LaunchScreen.storyboard; sourceTree = "<group>"; };
		88DEDA271F6C2C08007E5D03 /* Info.plist */ = {isa = PBXFileReference; lastKnownFileType = text.plist.xml; path = Info.plist; sourceTree = "<group>"; };
/* End PBXFileReference section */

/* Begin PBXFrameworksBuildPhase section */
		88DEDA101F6C2C08007E5D03 /* Frameworks */ = {
			isa = PBXFrameworksBuildPhase;
			buildActionMask = 2147483647;
			files = (
			);
			runOnlyForDeploymentPostprocessing = 0;
		};
/* End PBXFrameworksBuildPhase section */

/* Begin PBXGroup section */
		88DEDA0A1F6C2C08007E5D03 = {
			isa = PBXGroup;
			children = (
				88DEDA151F6C2C08007E5D03 /* TipCalculator */,
				88DEDA141F6C2C08007E5D03 /* Products */,
			);
			sourceTree = "<group>";
		};
		88DEDA141F6C2C08007E5D03 /* Products */ = {
			isa = PBXGroup;
			children = (
				88DEDA131F6C2C08007E5D03 /* TipCalculator.app */,
			);
			name = Products;
			sourceTree = "<group>";
		};
		88DEDA151F6C2C08007E5D03 /* TipCalculator */ = {
			isa = PBXGroup;
			children = (
				88DEDA191F6C2C08007E5D03 /* AppDelegate.h */,
				88DEDA1A1F6C2C08007E5D03 /* AppDelegate.m */,
				88DEDA1C1F6C2C08007E5D03 /* ViewController.h */,
				88DEDA1D1F6C2C08007E5D03 /* ViewController.m */,
				88DEDA1F1F6C2C08007E5D03 /* Main.storyboard */,
				88DEDA221F6C2C08007E5D03 /* Assets.xcassets */,
				88DEDA241F6C2C08007E5D03 /* LaunchScreen.storyboard */,
				88DEDA271F6C2C08007E5D03 /* Info.plist */,
				88DEDA161F6C2C08007E5D03 /* Supporting Files */,
			);
			path = TipCalculator;
			sourceTree = "<group>";
		};
		88DEDA161F6C2C08007E5D03 /* Supporting Files */ = {
			isa = PBXGroup;
			children = (
				88DEDA171F6C2C08007E5D03 /* main.m */,
			);
			name = "Supporting Files";
			sourceTree = "<group>";
		};
/* End PBXGroup section */

/* Begin PBXNativeTarget section */
		88DEDA121F6C2C08007E5D03 /* TipCalculator */ = {
			isa = PBXNativeTarget;
			buildConfigurationList = 88DEDA2A1F6C2C08007E5D03 /* Build configuration list for PBXNativeTarget "TipCalculator" */;
			buildPhases = (
				88DEDA0F1F6C2C08007E5D03 /* Sources */,
				88DEDA101F6C2C08007E5D03 /* Frameworks */,
				88DEDA111F6C2C08007E5D03 /* Resources */,
			);
			buildRules = (
			);
			dependencies = (
			);
			name = TipCalculator;
			productName = TipCalculator;
			productReference = 88DEDA131F6C2C08007E5D03 /* TipCalculator.app */;
			productType = "com.apple.product-type.application";
		};
/* End PBXNativeTarget section */

/* Begin PBXProject section */
		88DEDA0B1F6C2C08007E5D03 /* Project object */ = {
			isa = PBXProject;
			attributes = {
				LastUpgradeCheck = 0830;
				ORGANIZATIONNAME = "Jaison Bhatti";
				TargetAttributes = {
					88DEDA121F6C2C08007E5D03 = {
						CreatedOnToolsVersion = 8.3.3;
						ProvisioningStyle = Automatic;
					};
				};
			};
			buildConfigurationList = 88DEDA0E1F6C2C08007E5D03 /* Build configuration list for PBXProject "TipCalculator" */;
			compatibilityVersion = "Xcode 3.2";
			developmentRegion = English;
			hasScannedForEncodings = 0;
			knownRegions = (
				en,
				Base,
			);
			mainGroup = 88DEDA0A1F6C2C08007E5D03;
			productRefGroup = 88DEDA141F6C2C08007E5D03 /* Products */;
			projectDirPath = "";
			projectRoot = "";
			targets = (
				88DEDA121F6C2C08007E5D03 /* TipCalculator */,
			);
		};
/* End PBXProject section */

/* Begin PBXResourcesBuildPhase section */
		88DEDA111F6C2C08007E5D03 /* Resources */ = {
			isa = PBXResourcesBuildPhase;
			buildActionMask = 2147483647;
			files = (
				88DEDA261F6C2C08007E5D03 /* LaunchScreen.storyboard in Resources */,
				88DEDA231F6C2C08007E5D03 /* Assets.xcassets in Resources */,
				88DEDA211F6C2C08007E5D03 /* Main.storyboard in Resources */,
			);
			runOnlyForDeploymentPostprocessing = 0;
		};
/* End PBXResourcesBuildPhase section */

/* Begin PBXSourcesBuildPhase section */
		88DEDA0F1F6C2C08007E5D03 /* Sources */ = {
			isa = PBXSourcesBuildPhase;
			buildActionMask = 2147483647;
			files = (
				88DEDA1E1F6C2C08007E5D03 /* ViewController.m in Sources */,
				88DEDA1B1F6C2C08007E5D03 /* AppDelegate.m in Sources */,
				88DEDA181F6C2C08007E5D03 /* main.m in Sources */,
			);
			runOnlyForDeploymentPostprocessing = 0;
		};
/* End PBXSourcesBuildPhase section */

/* Begin PBXVariantGroup section */
		88DEDA1F1F6C2C08007E5D03 /* Main.storyboard */ = {
			isa = PBXVariantGroup;
			children = (
				88DEDA201F6C2C08007E5D03 /* Base */,
			);
			name = Main.storyboard;
			sourceTree = "<group>";
		};
		88DEDA241F6C2C08007E5D03 /* LaunchScreen.storyboard */ = {
			isa = PBXVariantGroup;
			children = (
				88DEDA251F6C2C08007E5D03 /* Base */,
			);
			name = LaunchScreen.storyboard;
			sourceTree = "<group>";
		};
/* End PBXVariantGroup section */

/* Begin XCBuildConfiguration section */
		88DEDA281F6C2C08007E5D03 /* Debug */ = {
			isa = XCBuildConfiguration;
			buildSettings = {
				ALWAYS_SEARCH_USER_PATHS = NO;
				CLANG_ANALYZER_NONNULL = YES;
				CLANG_ANALYZER_NUMBER_OBJECT_CONVERSION = YES_AGGRESSIVE;
				CLANG_CXX_LANGUAGE_STANDARD = "gnu++0x";
				CLANG_CXX_LIBRARY = "libc++";
				CLANG_ENABLE_MODULES = YES;
				CLANG_ENABLE_OBJC_ARC = YES;
				CLANG_WARN_BOOL_CONVERSION = YES;
				CLANG_WARN_CONSTANT_CONVERSION = YES;
				CLANG_WARN_DIRECT_OBJC_ISA_USAGE = YES_ERROR;
				CLANG_WARN_DOCUMENTATION_COMMENTS = YES;
				CLANG_WARN_EMPTY_BODY = YES;
				CLANG_WARN_ENUM_CONVERSION = YES;
				CLANG_WARN_INFINITE_RECURSION = YES;
				CLANG_WARN_INT_CONVERSION = YES;
				CLANG_WARN_OBJC_ROOT_CLASS = YES_ERROR;
				CLANG_WARN_SUSPICIOUS_MOVE = YES;
				CLANG_WARN_UNREACHABLE_CODE = YES;
				CLANG_WARN__DUPLICATE_METHOD_MATCH = YES;
				"CODE_SIGN_IDENTITY[sdk=iphoneos*]" = "iPhone Developer";
				COPY_PHASE_STRIP = NO;
				DEBUG_INFORMATION_FORMAT = dwarf;
				ENABLE_STRICT_OBJC_MSGSEND = YES;
				ENABLE_TESTABILITY = YES;
				GCC_C_LANGUAGE_STANDARD = gnu99;
				GCC_DYNAMIC_NO_PIC = NO;
				GCC_NO_COMMON_BLOCKS = YES;
				GCC_OPTIMIZATION_LEVEL = 0;
				GCC_PREPROCESSOR_DEFINITIONS = (
					"DEBUG=1",
					"$(inherited)",
				);
				GCC_WARN_64_TO_32_BIT_CONVERSION = YES;
				GCC_WARN_ABOUT_RETURN_TYPE = YES_ERROR;
				GCC_WARN_UNDECLARED_SELECTOR = YES;
				GCC_WARN_UNINITIALIZED_AUTOS = YES_AGGRESSIVE;
				GCC_WARN_UNUSED_FUNCTION = YES;
				GCC_WARN_UNUSED_VARIABLE = YES;
				IPHONEOS_DEPLOYMENT_TARGET = 10.3;
				MTL_ENABLE_DEBUG_INFO = YES;
				ONLY_ACTIVE_ARCH = YES;
				SDKROOT = iphoneos;
			};
			name = Debug;
		};
		88DEDA291F6C2C08007E5D03 /* Release */ = {
			isa = XCBuildConfiguration;
			buildSettings = {
				ALWAYS_SEARCH_USER_PATHS = NO;
				CLANG_ANALYZER_NONNULL = YES;
				CLANG_ANALYZER_NUMBER_OBJECT_CONVERSION = YES_AGGRESSIVE;
				CLANG_CXX_LANGUAGE_STANDARD = "gnu++0x";
				CLANG_CXX_LIBRARY = "libc++";
				CLANG_ENABLE_MODULES = YES;
				CLANG_ENABLE_OBJC_ARC = YES;
				CLANG_WARN_BOOL_CONVERSION = YES;
				CLANG_WARN_CONSTANT_CONVERSION = YES;
				CLANG_WARN_DIRECT_OBJC_ISA_USAGE = YES_ERROR;
				CLANG_WARN_DOCUMENTATION_COMMENTS = YES;
				CLANG_WARN_EMPTY_BODY = YES;
				CLANG_WARN_ENUM_CONVERSION = YES;
				CLANG_WARN_INFINITE_RECURSION = YES;
				CLANG_WARN_INT_CONVERSION = YES;
				CLANG_WARN_OBJC_ROOT_CLASS = YES_ERROR;
				CLANG_WARN_SUSPICIOUS_MOVE = YES;
				CLANG_WARN_UNREACHABLE_CODE = YES;
				CLANG_WARN__DUPLICATE_METHOD_MATCH = YES;
				"CODE_SIGN_IDENTITY[sdk=iphoneos*]" = "iPhone Developer";
				COPY_PHASE_STRIP = NO;
				DEBUG_INFORMATION_FORMAT = "dwarf-with-dsym";
				ENABLE_NS_ASSERTIONS = NO;
				ENABLE_STRICT_OBJC_MSGSEND = YES;
				GCC_C_LANGUAGE_STANDARD = gnu99;
				GCC_NO_COMMON_BLOCKS = YES;
				GCC_WARN_64_TO_32_BIT_CONVERSION = YES;
				GCC_WARN_ABOUT_RETURN_TYPE = YES_ERROR;
				GCC_WARN_UNDECLARED_SELECTOR = YES;
				GCC_WARN_UNINITIALIZED_AUTOS = YES_AGGRESSIVE;
				GCC_WARN_UNUSED_FUNCTION = YES;
				GCC_WARN_UNUSED_VARIABLE = YES;
				IPHONEOS_DEPLOYMENT_TARGET = 10.3;
				MTL_ENABLE_DEBUG_INFO = NO;
				SDKROOT = iphoneos;
				VALIDATE_PRODUCT = YES;
			};
			name = Release;
		};
		88DEDA2B1F6C2C08007E5D03 /* Debug */ = {
			isa = XCBuildConfiguration;
			buildSettings = {
				ASSETCATALOG_COMPILER_APPICON_NAME = AppIcon;
				INFOPLIST_FILE = TipCalculator/Info.plist;
				LD_RUNPATH_SEARCH_PATHS = "$(inherited) @executable_path/Frameworks";
				PRODUCT_BUNDLE_IDENTIFIER = com.jaisonbhatti.TipCalculator;
				PRODUCT_NAME = "$(TARGET_NAME)";
			};
			name = Debug;
		};
		88DEDA2C1F6C2C08007E5D03 /* Release */ = {
			isa = XCBuildConfiguration;
			buildSettings = {
				ASSETCATALOG_COMPILER_APPICON_NAME = AppIcon;
				INFOPLIST_FILE = TipCalculator/Info.plist;
				LD_RUNPATH_SEARCH_PATHS = "$(inherited) @executable_path/Frameworks";
				PRODUCT_BUNDLE_IDENTIFIER = com.jaisonbhatti.TipCalculator;
				PRODUCT_NAME = "$(TARGET_NAME)";
			};
			name = Release;
		};
/* End XCBuildConfiguration section */

/* Begin XCConfigurationList section */
		88DEDA0E1F6C2C08007E5D03 /* Build configuration list for PBXProject "TipCalculator" */ = {
			isa = XCConfigurationList;
			buildConfigurations = (
				88DEDA281F6C2C08007E5D03 /* Debug */,
				88DEDA291F6C2C08007E5D03 /* Release */,
			);
			defaultConfigurationIsVisible = 0;
			defaultConfigurationName = Release;
		};
		88DEDA2A1F6C2C08007E5D03 /* Build configuration list for PBXNativeTarget "TipCalculator" */ = {
			isa = XCConfigurationList;
			buildConfigurations = (
				88DEDA2B1F6C2C08007E5D03 /* Debug */,
				88DEDA2C1F6C2C08007E5D03 /* Release */,
			);
			defaultConfigurationIsVisible = 0;
		};
/* End XCConfigurationList section */
	};
	rootObject = 88DEDA0B1F6C2C08007E5D03 /* Project object */;
}
